[[package]]
name = "numpy"
version = "1.23.5"
description = "NumPy is the fundamental package for array computing with Python."
category = "main"
optional = false
python-versions = ">=3.8"

[[package]]
name = "opencv-python"
version = "4.6.0.66"
description = "Wrapper package for OpenCV python bindings."
category = "main"
optional = false
python-versions = ">=3.6"

[package.dependencies]
numpy = [
    {version = ">=1.21.2", markers = "python_version >= \"3.10\" or python_version >= \"3.6\" and platform_system == \"Darwin\" and platform_machine == \"arm64\""},
    {version = ">=1.19.3", markers = "python_version >= \"3.6\" and platform_system == \"Linux\" and platform_machine == \"aarch64\" or python_version >= \"3.9\""},
    {version = ">=1.14.5", markers = "python_version >= \"3.7\""},
    {version = ">=1.17.3", markers = "python_version >= \"3.8\""},
]

[[package]]
name = "trimesh"
version = "3.17.1"
description = "Import, export, process, analyze and view triangular meshes."
category = "main"
optional = false
python-versions = "*"

[package.dependencies]
numpy = "*"

[package.extras]
all = ["psutil", "msgpack", "xatlas", "requests", "setuptools", "pycollada", "meshio", "python-fcl", "chardet", "pyglet (<2)", "networkx", "shapely", "jsonschema", "mapbox-earcut", "scipy", "lxml", "glooey", "sympy", "pillow", "svg.path", "rtree", "xxhash", "scikit-image", "colorlog"]
easy = ["pyglet (<2)", "networkx", "msgpack", "xxhash", "jsonschema", "mapbox-earcut", "scipy", "lxml", "sympy", "requests", "setuptools", "pycollada", "pillow", "svg.path", "rtree", "shapely", "colorlog", "chardet"]
test = ["pyinstrument", "pytest", "coveralls", "pytest-cov", "ezdxf"]

[metadata]
lock-version = "1.1"
python-versions = "^3.8"
content-hash = "b1857e66d28e86e8984078953acae7fbcf2b38f7aea5b2fa2f341e920cdb1d3a"

[metadata.files]
numpy = []
opencv-python = []
trimesh = []
